{
  "name": "easyio-monitor",
  "version": "1.0.0",
  "lockfileVersion": 1,
  "requires": true,
  "dependencies": {
    "async": {
      "version": "1.0.0",
      "resolved": "https://registry.npmjs.org/async/-/async-1.0.0.tgz",
      "integrity": "sha1-+PwEyjoTeErenhZBr5hXjPvWR6k="
    },
    "colors": {
      "version": "1.0.3",
      "resolved": "https://registry.npmjs.org/colors/-/colors-1.0.3.tgz",
      "integrity": "sha1-BDP0TYCWgP3rYO0mDxsMJi6CpAs="
    },
    "connected-domain": {
      "version": "1.0.0",
      "resolved": "https://registry.npmjs.org/connected-domain/-/connected-domain-1.0.0.tgz",
      "integrity": "sha1-v+dyOMdL5FOnnwy2BY3utPI1jpM="
    },
    "cycle": {
      "version": "1.0.3",
      "resolved": "https://registry.npmjs.org/cycle/-/cycle-1.0.3.tgz",
      "integrity": "sha1-IegLK+hYD5i0aPN5QwZisEbDStI="
    },
    "daemonize-process": {
      "version": "1.0.7",
      "resolved": "https://registry.npmjs.org/daemonize-process/-/daemonize-process-1.0.7.tgz",
      "integrity": "sha512-0aBfiHPkfl2ZR0uEx7WrCm6BAWjLLYBYE25qG21m20ldIzkIlYCNHobdeQPJNEbxSeqgYBnqAIwOf8bMUba78g=="
    },
    "detect-rpi": {
      "version": "1.2.0",
      "resolved": "https://registry.npmjs.org/detect-rpi/-/detect-rpi-1.2.0.tgz",
      "integrity": "sha512-TZ/c0cJYSrcArJtNaKhqODeF6EhFvkhNvsVBXfnjCh3ZUhG7WVTDN/04l5EnghTEjq1sXauZLLAsJd8lmEHstA=="
    },
    "eyes": {
      "version": "0.1.8",
      "resolved": "https://registry.npmjs.org/eyes/-/eyes-0.1.8.tgz",
      "integrity": "sha1-Ys8SAjTGg3hdkCNIqADvPgzCC8A="
    },
    "isstream": {
      "version": "0.1.2",
      "resolved": "https://registry.npmjs.org/isstream/-/isstream-0.1.2.tgz",
      "integrity": "sha1-R+Y/evVa+m+S4VAOaQ64uFKcCZo="
    },
    "minimist": {
      "version": "0.0.8",
      "resolved": "https://registry.npmjs.org/minimist/-/minimist-0.0.8.tgz",
      "integrity": "sha1-hX/Kv8M5fSYluCKCYuhqp6ARsF0="
    },
    "mkdirp": {
      "version": "0.5.1",
      "resolved": "https://registry.npmjs.org/mkdirp/-/mkdirp-0.5.1.tgz",
      "integrity": "sha1-MAV0OOrGz3+MR2fzhkjWaX11yQM=",
      "requires": {
        "minimist": "0.0.8"
      }
    },
    "ps-node": {
      "version": "0.1.6",
      "resolved": "https://registry.npmjs.org/ps-node/-/ps-node-0.1.6.tgz",
      "integrity": "sha1-mvZ6mdex0BMuUaUDCZ04qNKs4sM=",
      "requires": {
        "table-parser": "0.1.3"
      }
    },
    "stack-trace": {
      "version": "0.0.10",
      "resolved": "https://registry.npmjs.org/stack-trace/-/stack-trace-0.0.10.tgz",
      "integrity": "sha1-VHxws0fo0ytOEI6hoqFZ5f3eGcA="
    },
    "table-parser": {
      "version": "0.1.3",
      "resolved": "https://registry.npmjs.org/table-parser/-/table-parser-0.1.3.tgz",
      "integrity": "sha1-BEHPzhallIFoTCfRtaZ/8VpDx7A=",
      "requires": {
        "connected-domain": "1.0.0"
      }
    },
    "winston": {
      "version": "2.4.0",
      "resolved": "https://registry.npmjs.org/winston/-/winston-2.4.0.tgz",
      "integrity": "sha1-gIBQuT1SZh7Z+2wms/DIJnCLCu4=",
      "requires": {
        "async": "1.0.0",
        "colors": "1.0.3",
        "cycle": "1.0.3",
        "eyes": "0.1.8",
        "isstream": "0.1.2",
        "stack-trace": "0.0.10"
      }
    },
    "winston-daily-rotate-file": {
      "version": "1.7.2",
      "resolved": "https://registry.npmjs.org/winston-daily-rotate-file/-/winston-daily-rotate-file-1.7.2.tgz",
      "integrity": "sha1-ZQK/opeCT9mC2l5WR8dThXjS+aA=",
      "requires": {
        "mkdirp": "0.5.1"
      }
    }
  }
}
